// !$*UTF8*$!
{
	archiveVersion = 1;
	classes = {
	};
	objectVersion = 50;
	objects = {

/* Begin PBXBuildFile section */
		B7AC8D6426495F780093A7DB /* AppDelegate.swift in Sources */ = {isa = PBXBuildFile; fileRef = B7AC8D6326495F780093A7DB /* AppDelegate.swift */; };
		B7AC8D6626495F780093A7DB /* SceneDelegate.swift in Sources */ = {isa = PBXBuildFile; fileRef = B7AC8D6526495F780093A7DB /* SceneDelegate.swift */; };
		B7AC8D6826495F780093A7DB /* ViewController.swift in Sources */ = {isa = PBXBuildFile; fileRef = B7AC8D6726495F780093A7DB /* ViewController.swift */; };
		B7AC8D6B26495F780093A7DB /* Main.storyboard in Resources */ = {isa = PBXBuildFile; fileRef = B7AC8D6926495F780093A7DB /* Main.storyboard */; };
		B7AC8D6D26495F790093A7DB /* Assets.xcassets in Resources */ = {isa = PBXBuildFile; fileRef = B7AC8D6C26495F790093A7DB /* Assets.xcassets */; };
		B7AC8D7026495F790093A7DB /* LaunchScreen.storyboard in Resources */ = {isa = PBXBuildFile; fileRef = B7AC8D6E26495F790093A7DB /* LaunchScreen.storyboard */; };
/* End PBXBuildFile section */

/* Begin PBXFileReference section */
		B7AC8D6026495F780093A7DB /* afiniti-tcp-coding-assignment.app */ = {isa = PBXFileReference; explicitFileType = wrapper.application; includeInIndex = 0; path = "afiniti-tcp-coding-assignment.app"; sourceTree = BUILT_PRODUCTS_DIR; };
		B7AC8D6326495F780093A7DB /* AppDelegate.swift */ = {isa = PBXFileReference; lastKnownFileType = sourcecode.swift; path = AppDelegate.swift; sourceTree = "<group>"; };
		B7AC8D6526495F780093A7DB /* SceneDelegate.swift */ = {isa = PBXFileReference; lastKnownFileType = sourcecode.swift; path = SceneDelegate.swift; sourceTree = "<group>"; };
		B7AC8D6726495F780093A7DB /* ViewController.swift */ = {isa = PBXFileReference; lastKnownFileType = sourcecode.swift; path = ViewController.swift; sourceTree = "<group>"; };
		B7AC8D6A26495F780093A7DB /* Base */ = {isa = PBXFileReference; lastKnownFileType = file.storyboard; name = Base; path = Base.lproj/Main.storyboard; sourceTree = "<group>"; };
		B7AC8D6C26495F790093A7DB /* Assets.xcassets */ = {isa = PBXFileReference; lastKnownFileType = folder.assetcatalog; path = Assets.xcassets; sourceTree = "<group>"; };
		B7AC8D6F26495F790093A7DB /* Base */ = {isa = PBXFileReference; lastKnownFileType = file.storyboard; name = Base; path = Base.lproj/LaunchScreen.storyboard; sourceTree = "<group>"; };
		B7AC8D7126495F790093A7DB /* Info.plist */ = {isa = PBXFileReference; lastKnownFileType = text.plist.xml; name = Info.plist; path = ../Info.plist; sourceTree = "<group>"; };
/* End PBXFileReference section */

/* Begin PBXFrameworksBuildPhase section */
		B7AC8D5D26495F780093A7DB /* Frameworks */ = {
			isa = PBXFrameworksBuildPhase;
			buildActionMask = 2147483647;
			files = (
			);
			runOnlyForDeploymentPostprocessing = 0;
		};
/* End PBXFrameworksBuildPhase section */

/* Begin PBXGroup section */
		B7AC8D5726495F780093A7DB = {
			isa = PBXGroup;
			children = (
				B7AC8D6226495F780093A7DB /* afiniti-tcp-coding-assignment */,
				B7AC8D6126495F780093A7DB /* Products */,
			);
			sourceTree = "<group>";
		};
		B7AC8D6126495F780093A7DB /* Products */ = {
			isa = PBXGroup;
			children = (
				B7AC8D6026495F780093A7DB /* afiniti-tcp-coding-assignment.app */,
			);
			name = Products;
			sourceTree = "<group>";
		};
		B7AC8D6226495F780093A7DB /* afiniti-tcp-coding-assignment */ = {
			isa = PBXGroup;
			children = (
				B7AC8D772649606E0093A7DB /* Models Layer */,
				B7AC8D782649607B0093A7DB /* Views Layer */,
				B7AC8D7A2649609C0093A7DB /* ViewControllers Layer */,
				B7AC8D792649608D0093A7DB /* ViewModels Layer */,
				B7AC8D7C264960F80093A7DB /* Networking */,
				B7AC8D7B264960B50093A7DB /* Supporting Files */,
				B7AC8D7D264961020093A7DB /* Assets and Resources */,
			);
			path = "afiniti-tcp-coding-assignment";
			sourceTree = "<group>";
		};
		B7AC8D772649606E0093A7DB /* Models Layer */ = {
			isa = PBXGroup;
			children = (
			);
			path = "Models Layer";
			sourceTree = "<group>";
		};
		B7AC8D782649607B0093A7DB /* Views Layer */ = {
			isa = PBXGroup;
			children = (
				B7AC8D6926495F780093A7DB /* Main.storyboard */,
				B7AC8D6E26495F790093A7DB /* LaunchScreen.storyboard */,
			);
			path = "Views Layer";
			sourceTree = "<group>";
		};
		B7AC8D792649608D0093A7DB /* ViewModels Layer */ = {
			isa = PBXGroup;
			children = (
			);
			path = "ViewModels Layer";
			sourceTree = "<group>";
		};
		B7AC8D7A2649609C0093A7DB /* ViewControllers Layer */ = {
			isa = PBXGroup;
			children = (
				B7AC8D6726495F780093A7DB /* ViewController.swift */,
			);
			path = "ViewControllers Layer";
			sourceTree = "<group>";
		};
		B7AC8D7B264960B50093A7DB /* Supporting Files */ = {
			isa = PBXGroup;
			children = (
				B7AC8D7E2649613F0093A7DB /* AppDelegate+Services */,
				B7AC8D7F264961650093A7DB /* SceneDelegate */,
				B7AC8D7126495F790093A7DB /* Info.plist */,
			);
			path = "Supporting Files";
			sourceTree = "<group>";
		};
		B7AC8D7C264960F80093A7DB /* Networking */ = {
			isa = PBXGroup;
			children = (
			);
			path = Networking;
			sourceTree = "<group>";
		};
		B7AC8D7D264961020093A7DB /* Assets and Resources */ = {
			isa = PBXGroup;
			children = (
				B7AC8D6C26495F790093A7DB /* Assets.xcassets */,
			);
			path = "Assets and Resources";
			sourceTree = "<group>";
		};
		B7AC8D7E2649613F0093A7DB /* AppDelegate+Services */ = {
			isa = PBXGroup;
			children = (
				B7AC8D6326495F780093A7DB /* AppDelegate.swift */,
			);
			path = "AppDelegate+Services";
			sourceTree = "<group>";
		};
		B7AC8D7F264961650093A7DB /* SceneDelegate */ = {
			isa = PBXGroup;
			children = (
				B7AC8D6526495F780093A7DB /* SceneDelegate.swift */,
			);
			path = SceneDelegate;
			sourceTree = "<group>";
		};
/* End PBXGroup section */

/* Begin PBXNativeTarget section */
		B7AC8D5F26495F780093A7DB /* afiniti-tcp-coding-assignment */ = {
			isa = PBXNativeTarget;
			buildConfigurationList = B7AC8D7426495F790093A7DB /* Build configuration list for PBXNativeTarget "afiniti-tcp-coding-assignment" */;
			buildPhases = (
				B7AC8D5C26495F780093A7DB /* Sources */,
				B7AC8D5D26495F780093A7DB /* Frameworks */,
				B7AC8D5E26495F780093A7DB /* Resources */,
			);
			buildRules = (
			);
			dependencies = (
			);
			name = "afiniti-tcp-coding-assignment";
			productName = "afiniti-tcp-coding-assignment";
			productReference = B7AC8D6026495F780093A7DB /* afiniti-tcp-coding-assignment.app */;
			productType = "com.apple.product-type.application";
		};
/* End PBXNativeTarget section */

/* Begin PBXProject section */
		B7AC8D5826495F780093A7DB /* Project object */ = {
			isa = PBXProject;
			attributes = {
				LastSwiftUpdateCheck = 1250;
				LastUpgradeCheck = 1250;
				TargetAttributes = {
					B7AC8D5F26495F780093A7DB = {
						CreatedOnToolsVersion = 12.5;
					};
				};
			};
			buildConfigurationList = B7AC8D5B26495F780093A7DB /* Build configuration list for PBXProject "afiniti-tcp-coding-assignment" */;
			compatibilityVersion = "Xcode 9.3";
			developmentRegion = en;
			hasScannedForEncodings = 0;
			knownRegions = (
				en,
				Base,
			);
			mainGroup = B7AC8D5726495F780093A7DB;
			productRefGroup = B7AC8D6126495F780093A7DB /* Products */;
			projectDirPath = "";
			projectRoot = "";
			targets = (
				B7AC8D5F26495F780093A7DB /* afiniti-tcp-coding-assignment */,
			);
		};
/* End PBXProject section */

/* Begin PBXResourcesBuildPhase section */
		B7AC8D5E26495F780093A7DB /* Resources */ = {
			isa = PBXResourcesBuildPhase;
			buildActionMask = 2147483647;
			files = (
				B7AC8D7026495F790093A7DB /* LaunchScreen.storyboard in Resources */,
				B7AC8D6D26495F790093A7DB /* Assets.xcassets in Resources */,
				B7AC8D6B26495F780093A7DB /* Main.storyboard in Resources */,
			);
			runOnlyForDeploymentPostprocessing = 0;
		};
/* End PBXResourcesBuildPhase section */

/* Begin PBXSourcesBuildPhase section */
		B7AC8D5C26495F780093A7DB /* Sources */ = {
			isa = PBXSourcesBuildPhase;
			buildActionMask = 2147483647;
			files = (
				B7AC8D6826495F780093A7DB /* ViewController.swift in Sources */,
				B7AC8D6426495F780093A7DB /* AppDelegate.swift in Sources */,
				B7AC8D6626495F780093A7DB /* SceneDelegate.swift in Sources */,
			);
			runOnlyForDeploymentPostprocessing = 0;
		};
/* End PBXSourcesBuildPhase section */

/* Begin PBXVariantGroup section */
		B7AC8D6926495F780093A7DB /* Main.storyboard */ = {
			isa = PBXVariantGroup;
			children = (
				B7AC8D6A26495F780093A7DB /* Base */,
			);
			name = Main.storyboard;
			sourceTree = "<group>";
		};
		B7AC8D6E26495F790093A7DB /* LaunchScreen.storyboard */ = {
			isa = PBXVariantGroup;
			children = (
				B7AC8D6F26495F790093A7DB /* Base */,
			);
			name = LaunchScreen.storyboard;
			sourceTree = "<group>";
		};
/* End PBXVariantGroup section */

/* Begin XCBuildConfiguration section */
		B7AC8D7226495F790093A7DB /* Debug */ = {
			isa = XCBuildConfiguration;
			buildSettings = {
				ALWAYS_SEARCH_USER_PATHS = NO;
				CLANG_ANALYZER_NONNULL = YES;
				CLANG_ANALYZER_NUMBER_OBJECT_CONVERSION = YES_AGGRESSIVE;
				CLANG_CXX_LANGUAGE_STANDARD = "gnu++14";
				CLANG_CXX_LIBRARY = "libc++";
				CLANG_ENABLE_MODULES = YES;
				CLANG_ENABLE_OBJC_ARC = YES;
				CLANG_ENABLE_OBJC_WEAK = YES;
				CLANG_WARN_BLOCK_CAPTURE_AUTORELEASING = YES;
				CLANG_WARN_BOOL_CONVERSION = YES;
				CLANG_WARN_COMMA = YES;
				CLANG_WARN_CONSTANT_CONVERSION = YES;
				CLANG_WARN_DEPRECATED_OBJC_IMPLEMENTATIONS = YES;
				CLANG_WARN_DIRECT_OBJC_ISA_USAGE = YES_ERROR;
				CLANG_WARN_DOCUMENTATION_COMMENTS = YES;
				CLANG_WARN_EMPTY_BODY = YES;
				CLANG_WARN_ENUM_CONVERSION = YES;
				CLANG_WARN_INFINITE_RECURSION = YES;
				CLANG_WARN_INT_CONVERSION = YES;
				CLANG_WARN_NON_LITERAL_NULL_CONVERSION = YES;
				CLANG_WARN_OBJC_IMPLICIT_RETAIN_SELF = YES;
				CLANG_WARN_OBJC_LITERAL_CONVERSION = YES;
				CLANG_WARN_OBJC_ROOT_CLASS = YES_ERROR;
				CLANG_WARN_QUOTED_INCLUDE_IN_FRAMEWORK_HEADER = YES;
				CLANG_WARN_RANGE_LOOP_ANALYSIS = YES;
				CLANG_WARN_STRICT_PROTOTYPES = YES;
				CLANG_WARN_SUSPICIOUS_MOVE = YES;
				CLANG_WARN_UNGUARDED_AVAILABILITY = YES_AGGRESSIVE;
				CLANG_WARN_UNREACHABLE_CODE = YES;
				CLANG_WARN__DUPLICATE_METHOD_MATCH = YES;
				COPY_PHASE_STRIP = NO;
				DEBUG_INFORMATION_FORMAT = dwarf;
				ENABLE_STRICT_OBJC_MSGSEND = YES;
				ENABLE_TESTABILITY = YES;
				GCC_C_LANGUAGE_STANDARD = gnu11;
				GCC_DYNAMIC_NO_PIC = NO;
				GCC_NO_COMMON_BLOCKS = YES;
				GCC_OPTIMIZATION_LEVEL = 0;
				GCC_PREPROCESSOR_DEFINITIONS = (
					"DEBUG=1",
					"$(inherited)",
				);
				GCC_WARN_64_TO_32_BIT_CONVERSION = YES;
				GCC_WARN_ABOUT_RETURN_TYPE = YES_ERROR;
				GCC_WARN_UNDECLARED_SELECTOR = YES;
				GCC_WARN_UNINITIALIZED_AUTOS = YES_AGGRESSIVE;
				GCC_WARN_UNUSED_FUNCTION = YES;
				GCC_WARN_UNUSED_VARIABLE = YES;
				IPHONEOS_DEPLOYMENT_TARGET = 14.5;
				MTL_ENABLE_DEBUG_INFO = INCLUDE_SOURCE;
				MTL_FAST_MATH = YES;
				ONLY_ACTIVE_ARCH = YES;
				SDKROOT = iphoneos;
				SWIFT_ACTIVE_COMPILATION_CONDITIONS = DEBUG;
				SWIFT_OPTIMIZATION_LEVEL = "-Onone";
			};
			name = Debug;
		};
		B7AC8D7326495F790093A7DB /* Release */ = {
			isa = XCBuildConfiguration;
			buildSettings = {
				ALWAYS_SEARCH_USER_PATHS = NO;
				CLANG_ANALYZER_NONNULL = YES;
				CLANG_ANALYZER_NUMBER_OBJECT_CONVERSION = YES_AGGRESSIVE;
				CLANG_CXX_LANGUAGE_STANDARD = "gnu++14";
				CLANG_CXX_LIBRARY = "libc++";
				CLANG_ENABLE_MODULES = YES;
				CLANG_ENABLE_OBJC_ARC = YES;
				CLANG_ENABLE_OBJC_WEAK = YES;
				CLANG_WARN_BLOCK_CAPTURE_AUTORELEASING = YES;
				CLANG_WARN_BOOL_CONVERSION = YES;
				CLANG_WARN_COMMA = YES;
				CLANG_WARN_CONSTANT_CONVERSION = YES;
				CLANG_WARN_DEPRECATED_OBJC_IMPLEMENTATIONS = YES;
				CLANG_WARN_DIRECT_OBJC_ISA_USAGE = YES_ERROR;
				CLANG_WARN_DOCUMENTATION_COMMENTS = YES;
				CLANG_WARN_EMPTY_BODY = YES;
				CLANG_WARN_ENUM_CONVERSION = YES;
				CLANG_WARN_INFINITE_RECURSION = YES;
				CLANG_WARN_INT_CONVERSION = YES;
				CLANG_WARN_NON_LITERAL_NULL_CONVERSION = YES;
				CLANG_WARN_OBJC_IMPLICIT_RETAIN_SELF = YES;
				CLANG_WARN_OBJC_LITERAL_CONVERSION = YES;
				CLANG_WARN_OBJC_ROOT_CLASS = YES_ERROR;
				CLANG_WARN_QUOTED_INCLUDE_IN_FRAMEWORK_HEADER = YES;
				CLANG_WARN_RANGE_LOOP_ANALYSIS = YES;
				CLANG_WARN_STRICT_PROTOTYPES = YES;
				CLANG_WARN_SUSPICIOUS_MOVE = YES;
				CLANG_WARN_UNGUARDED_AVAILABILITY = YES_AGGRESSIVE;
				CLANG_WARN_UNREACHABLE_CODE = YES;
				CLANG_WARN__DUPLICATE_METHOD_MATCH = YES;
				COPY_PHASE_STRIP = NO;
				DEBUG_INFORMATION_FORMAT = "dwarf-with-dsym";
				ENABLE_NS_ASSERTIONS = NO;
				ENABLE_STRICT_OBJC_MSGSEND = YES;
				GCC_C_LANGUAGE_STANDARD = gnu11;
				GCC_NO_COMMON_BLOCKS = YES;
				GCC_WARN_64_TO_32_BIT_CONVERSION = YES;
				GCC_WARN_ABOUT_RETURN_TYPE = YES_ERROR;
				GCC_WARN_UNDECLARED_SELECTOR = YES;
				GCC_WARN_UNINITIALIZED_AUTOS = YES_AGGRESSIVE;
				GCC_WARN_UNUSED_FUNCTION = YES;
				GCC_WARN_UNUSED_VARIABLE = YES;
				IPHONEOS_DEPLOYMENT_TARGET = 14.5;
				MTL_ENABLE_DEBUG_INFO = NO;
				MTL_FAST_MATH = YES;
				SDKROOT = iphoneos;
				SWIFT_COMPILATION_MODE = wholemodule;
				SWIFT_OPTIMIZATION_LEVEL = "-O";
				VALIDATE_PRODUCT = YES;
			};
			name = Release;
		};
		B7AC8D7526495F790093A7DB /* Debug */ = {
			isa = XCBuildConfiguration;
			buildSettings = {
				ASSETCATALOG_COMPILER_APPICON_NAME = AppIcon;
				ASSETCATALOG_COMPILER_GLOBAL_ACCENT_COLOR_NAME = AccentColor;
				CODE_SIGN_STYLE = Automatic;
				DEVELOPMENT_TEAM = CC6JR82V67;
				INFOPLIST_FILE = "afiniti-tcp-coding-assignment/Info.plist";
				LD_RUNPATH_SEARCH_PATHS = (
					"$(inherited)",
					"@executable_path/Frameworks",
				);
				PRODUCT_BUNDLE_IDENTIFIER = "imuhammadjabbar.com.afiniti-tcp-coding-assignment";
				PRODUCT_NAME = "$(TARGET_NAME)";
				SWIFT_VERSION = 5.0;
				TARGETED_DEVICE_FAMILY = "1,2";
			};
			name = Debug;
		};
		B7AC8D7626495F790093A7DB /* Release */ = {
			isa = XCBuildConfiguration;
			buildSettings = {
				ASSETCATALOG_COMPILER_APPICON_NAME = AppIcon;
				ASSETCATALOG_COMPILER_GLOBAL_ACCENT_COLOR_NAME = AccentColor;
				CODE_SIGN_STYLE = Automatic;
				DEVELOPMENT_TEAM = CC6JR82V67;
				INFOPLIST_FILE = "afiniti-tcp-coding-assignment/Info.plist";
				LD_RUNPATH_SEARCH_PATHS = (
					"$(inherited)",
					"@executable_path/Frameworks",
				);
				PRODUCT_BUNDLE_IDENTIFIER = "imuhammadjabbar.com.afiniti-tcp-coding-assignment";
				PRODUCT_NAME = "$(TARGET_NAME)";
				SWIFT_VERSION = 5.0;
				TARGETED_DEVICE_FAMILY = "1,2";
			};
			name = Release;
		};
/* End XCBuildConfiguration section */

/* Begin XCConfigurationList section */
		B7AC8D5B26495F780093A7DB /* Build configuration list for PBXProject "afiniti-tcp-coding-assignment" */ = {
			isa = XCConfigurationList;
			buildConfigurations = (
				B7AC8D7226495F790093A7DB /* Debug */,
				B7AC8D7326495F790093A7DB /* Release */,
			);
			defaultConfigurationIsVisible = 0;
			defaultConfigurationName = Release;
		};
		B7AC8D7426495F790093A7DB /* Build configuration list for PBXNativeTarget "afiniti-tcp-coding-assignment" */ = {
			isa = XCConfigurationList;
			buildConfigurations = (
				B7AC8D7526495F790093A7DB /* Debug */,
				B7AC8D7626495F790093A7DB /* Release */,
			);
			defaultConfigurationIsVisible = 0;
			defaultConfigurationName = Release;
		};
/* End XCConfigurationList section */
	};
	rootObject = B7AC8D5826495F780093A7DB /* Project object */;
}
